
Microsoft Visual Studio Solution File, Format Version 12.00
# Visual Studio Version 17
VisualStudioVersion = 17.10.35027.167
MinimumVisualStudioVersion = 10.0.40219.1
Project("{8BC9CEB8-8B4A-11D0-8D11-00A0C91BC942}") = "SabTusEngine", "SabTusEngine.vcxproj", "{FE76530C-0AB0-40FC-9BC7-065DA0AE0C96}"
EndProject
Project("{2150E333-8FDC-42A3-9474-1A3956D46DE8}") = "ソリューション項目", "ソリューション項目", "{9A63DEFD-EE9A-4CFB-85EB-D6F0DFE4650F}"
	ProjectSection(SolutionItems) = preProject
		.editorconfig = .editorconfig
	EndProjectSection
EndProject
Global
	GlobalSection(SolutionConfigurationPlatforms) = preSolution
		Debug|x64 = Debug|x64
		Release|x64 = Release|x64
	EndGlobalSection
	GlobalSection(ProjectConfigurationPlatforms) = postSolution
		{FE76530C-0AB0-40FC-9BC7-065DA0AE0C96}.Debug|x64.ActiveCfg = Debug|x64
		{FE76530C-0AB0-40FC-9BC7-065DA0AE0C96}.Debug|x64.Build.0 = Debug|x64
		{FE76530C-0AB0-40FC-9BC7-065DA0AE0C96}.Release|x64.ActiveCfg = Release|x64
		{FE76530C-0AB0-40FC-9BC7-065DA0AE0C96}.Release|x64.Build.0 = Release|x64
	EndGlobalSection
	GlobalSection(SolutionProperties) = preSolution
		HideSolutionNode = FALSE
	EndGlobalSection
	GlobalSection(ExtensibilityGlobals) = postSolution
		SolutionGuid = {7DBE2187-24B8-47E0-B8D0-FFD1712A6E34}
	EndGlobalSection
EndGlobal
