<?xml version="1.0" encoding="utf-8"?>
<Project ToolsVersion="4.0" xmlns="http://schemas.microsoft.com/developer/msbuild/2003">
  <ItemGroup>
    <Filter Include="ソース ファイル">
      <UniqueIdentifier>{4FC737F1-C7A5-4376-A066-2A32D752A2FF}</UniqueIdentifier>
      <Extensions>cpp;c;cc;cxx;c++;cppm;ixx;def;odl;idl;hpj;bat;asm;asmx</Extensions>
    </Filter>
    <Filter Include="ヘッダー ファイル">
      <UniqueIdentifier>{93995380-89BD-4b04-88EB-625FBE52EBFB}</UniqueIdentifier>
      <Extensions>h;hh;hpp;hxx;h++;hm;inl;inc;ipp;xsd</Extensions>
    </Filter>
    <Filter Include="リソース ファイル">
      <UniqueIdentifier>{67DA6AB6-F800-4c08-8B7A-83BB121AAD01}</UniqueIdentifier>
      <Extensions>rc;ico;cur;bmp;dlg;rc2;rct;bin;rgs;gif;jpg;jpeg;jpe;resx;tiff;tif;png;wav;mfcribbon-ms</Extensions>
    </Filter>
    <Filter Include="ソース ファイル\Math">
      <UniqueIdentifier>{5a33e192-e331-429d-bbe1-df22d8818f5f}</UniqueIdentifier>
    </Filter>
    <Filter Include="ヘッダー ファイル\Math">
      <UniqueIdentifier>{60bc67ac-9368-41f5-8e71-c5a197056636}</UniqueIdentifier>
    </Filter>
    <Filter Include="ImGui">
      <UniqueIdentifier>{6fecd7b0-9655-4e8d-8b61-beb74d5db9ff}</UniqueIdentifier>
    </Filter>
    <Filter Include="ソース ファイル\Engine">
      <UniqueIdentifier>{8fb0a03c-7596-4c6b-9744-430c4e698ca5}</UniqueIdentifier>
    </Filter>
    <Filter Include="ヘッダー ファイル\Engine">
      <UniqueIdentifier>{dba4135a-18d1-49ed-b006-3cd5df8b7038}</UniqueIdentifier>
    </Filter>
    <Filter Include="ソース ファイル\Engine\DxObjects">
      <UniqueIdentifier>{5b150e0e-5bc9-4d74-97eb-1d96e29dc526}</UniqueIdentifier>
    </Filter>
    <Filter Include="ヘッダー ファイル\Engine\DxObjects">
      <UniqueIdentifier>{a21fdb1e-3c00-4b24-a575-219d29148210}</UniqueIdentifier>
    </Filter>
    <Filter Include="ソース ファイル\Engine\2D">
      <UniqueIdentifier>{94efe4a6-bed3-4173-a522-1f62344f2383}</UniqueIdentifier>
    </Filter>
    <Filter Include="ソース ファイル\Engine\Window">
      <UniqueIdentifier>{55553ddb-88f9-4e28-a591-6dfd4008be54}</UniqueIdentifier>
    </Filter>
    <Filter Include="ソース ファイル\Engine\3D">
      <UniqueIdentifier>{ec0e4c20-820a-4c86-8f0f-327d14daf7d3}</UniqueIdentifier>
    </Filter>
    <Filter Include="ヘッダー ファイル\Engine\2D">
      <UniqueIdentifier>{7be1f2f7-1d63-4109-8cc4-8ef59a3f1217}</UniqueIdentifier>
    </Filter>
    <Filter Include="ヘッダー ファイル\Engine\3D">
      <UniqueIdentifier>{6e9bcded-6167-4417-9c18-b57bff83d2e4}</UniqueIdentifier>
    </Filter>
    <Filter Include="ヘッダー ファイル\Engine\Utility">
      <UniqueIdentifier>{f1918abe-8927-4bdf-9137-92541756861e}</UniqueIdentifier>
    </Filter>
    <Filter Include="ヘッダー ファイル\Engine\Window">
      <UniqueIdentifier>{71fc3754-a39a-4005-bb33-ee7b8ee11539}</UniqueIdentifier>
    </Filter>
    <Filter Include="ソース ファイル\Engine\Utility">
      <UniqueIdentifier>{96a4fec1-a0b2-4f1c-9fe1-b5464bd94818}</UniqueIdentifier>
    </Filter>
    <Filter Include="ソース ファイル\Engine\GameClass">
      <UniqueIdentifier>{965156f8-cb0a-4c93-9dbf-98cee04743b3}</UniqueIdentifier>
    </Filter>
    <Filter Include="ヘッダー ファイル\Engine\GameClass">
      <UniqueIdentifier>{44f5fe83-c523-4882-a920-5ecdfe917bc3}</UniqueIdentifier>
    </Filter>
    <Filter Include="json">
      <UniqueIdentifier>{f075e29c-250c-42e9-8dcd-8dfc6b30a349}</UniqueIdentifier>
    </Filter>
  </ItemGroup>
  <ItemGroup>
    <ClCompile Include="main.cpp">
      <Filter>ソース ファイル</Filter>
    </ClCompile>
    <ClCompile Include="Engine\Math\Matrix3x3.cpp">
      <Filter>ソース ファイル\Math</Filter>
    </ClCompile>
    <ClCompile Include="Engine\Math\Matrix4x4.cpp">
      <Filter>ソース ファイル\Math</Filter>
    </ClCompile>
    <ClCompile Include="Engine\Math\Vector2.cpp">
      <Filter>ソース ファイル\Math</Filter>
    </ClCompile>
    <ClCompile Include="Engine\Math\Vector3.cpp">
      <Filter>ソース ファイル\Math</Filter>
    </ClCompile>
    <ClCompile Include="Engine\Math\Vector4.cpp">
      <Filter>ソース ファイル\Math</Filter>
    </ClCompile>
    <ClCompile Include="externals\imgui\imgui.cpp">
      <Filter>ImGui</Filter>
    </ClCompile>
    <ClCompile Include="externals\imgui\imgui_demo.cpp">
      <Filter>ImGui</Filter>
    </ClCompile>
    <ClCompile Include="externals\imgui\imgui_draw.cpp">
      <Filter>ImGui</Filter>
    </ClCompile>
    <ClCompile Include="externals\imgui\imgui_impl_dx12.cpp">
      <Filter>ImGui</Filter>
    </ClCompile>
    <ClCompile Include="externals\imgui\imgui_impl_win32.cpp">
      <Filter>ImGui</Filter>
    </ClCompile>
    <ClCompile Include="externals\imgui\imgui_tables.cpp">
      <Filter>ImGui</Filter>
    </ClCompile>
    <ClCompile Include="externals\imgui\imgui_widgets.cpp">
      <Filter>ImGui</Filter>
    </ClCompile>
    <ClCompile Include="Engine\Base\TextureManager.cpp">
      <Filter>ソース ファイル\Engine</Filter>
    </ClCompile>
    <ClCompile Include="Engine\2D\Sprite.cpp">
      <Filter>ソース ファイル\Engine\2D</Filter>
    </ClCompile>
    <ClCompile Include="Engine\WIndow\WinApp.cpp">
      <Filter>ソース ファイル\Engine\Window</Filter>
    </ClCompile>
    <ClCompile Include="Engine\3D\Object3dCommon.cpp">
      <Filter>ソース ファイル\Engine\3D</Filter>
    </ClCompile>
    <ClCompile Include="Engine\Utility\Logger.cpp">
      <Filter>ソース ファイル\Engine\Utility</Filter>
    </ClCompile>
    <ClCompile Include="Engine\Utility\StringUtility.cpp">
      <Filter>ソース ファイル\Engine\Utility</Filter>
    </ClCompile>
    <ClCompile Include="Engine\2D\SpriteCommon.cpp">
      <Filter>ソース ファイル\Engine\2D</Filter>
    </ClCompile>
    <ClCompile Include="Engine\3D\Object3d.cpp">
      <Filter>ソース ファイル\Engine\3D</Filter>
    </ClCompile>
    <ClCompile Include="Engine\3D\Model.cpp">
      <Filter>ソース ファイル\Engine\3D</Filter>
    </ClCompile>
    <ClCompile Include="Engine\Base\ModelManager.cpp">
      <Filter>ソース ファイル\Engine</Filter>
    </ClCompile>
    <ClCompile Include="Engine\DxObjects\DxObjFunctions.cpp">
      <Filter>ソース ファイル\Engine\DxObjects</Filter>
    </ClCompile>
    <ClCompile Include="Engine\DxObjects\DxCommand.cpp">
      <Filter>ソース ファイル\Engine\DxObjects</Filter>
    </ClCompile>
    <ClCompile Include="Engine\DxObjects\DxDevice.cpp">
      <Filter>ソース ファイル\Engine\DxObjects</Filter>
    </ClCompile>
    <ClCompile Include="Engine\DxObjects\DxFence.cpp">
      <Filter>ソース ファイル\Engine\DxObjects</Filter>
    </ClCompile>
    <ClCompile Include="Engine\DxObjects\DxShader.cpp">
      <Filter>ソース ファイル\Engine\DxObjects</Filter>
    </ClCompile>
    <ClCompile Include="Engine\DxObjects\DxSwapChain.cpp">
      <Filter>ソース ファイル\Engine\DxObjects</Filter>
    </ClCompile>
    <ClCompile Include="Engine\ImGuiManager\ImGuiManager.cpp">
      <Filter>ソース ファイル\Engine</Filter>
    </ClCompile>
    <ClCompile Include="Engine\Base\DirectXCommon.cpp">
      <Filter>ソース ファイル\Engine</Filter>
    </ClCompile>
    <ClCompile Include="Engine\GameClass\BaseGame.cpp">
      <Filter>ソース ファイル\Engine\GameClass</Filter>
    </ClCompile>
    <ClCompile Include="Engine\Camera\Camera.cpp">
      <Filter>ソース ファイル</Filter>
    </ClCompile>
    <ClCompile Include="Engine\BasicShapes\Triangle.cpp">
      <Filter>ソース ファイル</Filter>
    </ClCompile>
    <ClCompile Include="Engine\Utility\Random.cpp">
      <Filter>ソース ファイル</Filter>
    </ClCompile>
    <ClCompile Include="Engine\ParticleSystem\ParticleSystem.cpp">
      <Filter>ソース ファイル</Filter>
    </ClCompile>
    <ClCompile Include="Engine\ParticleSystem\ParticleEmitter.cpp">
      <Filter>ソース ファイル</Filter>
    </ClCompile>
    <ClCompile Include="Engine\3D\Mesh.cpp">
      <Filter>ソース ファイル\Engine\3D</Filter>
    </ClCompile>
    <ClCompile Include="Engine\IO\Input.cpp">
      <Filter>ソース ファイル</Filter>
    </ClCompile>
    <ClCompile Include="Engine\BasicShapes\Plane.cpp">
      <Filter>ソース ファイル</Filter>
    </ClCompile>
    <ClCompile Include="Engine\Utility\FrameRateController.cpp">
      <Filter>ソース ファイル</Filter>
    </ClCompile>
    <ClCompile Include="Engine\3D\Lights.cpp">
      <Filter>ソース ファイル</Filter>
    </ClCompile>
    <ClCompile Include="Engine\DxObjects\DxRootSignature.cpp">
      <Filter>ソース ファイル</Filter>
    </ClCompile>
    <ClCompile Include="Engine\DxObjects\DxPipelineStateObject.cpp">
      <Filter>ソース ファイル</Filter>
    </ClCompile>
    <ClCompile Include="Engine\DxObjects\DxInputLayout.cpp">
      <Filter>ソース ファイル</Filter>
    </ClCompile>
    <ClCompile Include="Engine\DxObjects\DxBlendMode.cpp">
      <Filter>ソース ファイル</Filter>
    </ClCompile>
    <ClCompile Include="Engine\DxObjects\DxPipelineStateObjectBuilder.cpp">
      <Filter>ソース ファイル</Filter>
    </ClCompile>
  </ItemGroup>
  <ItemGroup>
    <ClInclude Include="Engine\Math\Matrix3x3.h">
      <Filter>ヘッダー ファイル\Math</Filter>
    </ClInclude>
    <ClInclude Include="Engine\Math\Matrix4x4.h">
      <Filter>ヘッダー ファイル\Math</Filter>
    </ClInclude>
    <ClInclude Include="Engine\Math\Vector2.h">
      <Filter>ヘッダー ファイル\Math</Filter>
    </ClInclude>
    <ClInclude Include="Engine\Math\Vector3.h">
      <Filter>ヘッダー ファイル\Math</Filter>
    </ClInclude>
    <ClInclude Include="Engine\Math\Vector4.h">
      <Filter>ヘッダー ファイル\Math</Filter>
    </ClInclude>
    <ClInclude Include="externals\imgui\imconfig.h">
      <Filter>ImGui</Filter>
    </ClInclude>
    <ClInclude Include="externals\imgui\imgui.h">
      <Filter>ImGui</Filter>
    </ClInclude>
    <ClInclude Include="externals\imgui\imgui_impl_dx12.h">
      <Filter>ImGui</Filter>
    </ClInclude>
    <ClInclude Include="externals\imgui\imgui_impl_win32.h">
      <Filter>ImGui</Filter>
    </ClInclude>
    <ClInclude Include="externals\imgui\imgui_internal.h">
      <Filter>ImGui</Filter>
    </ClInclude>
    <ClInclude Include="externals\imgui\imstb_rectpack.h">
      <Filter>ImGui</Filter>
    </ClInclude>
    <ClInclude Include="externals\imgui\imstb_textedit.h">
      <Filter>ImGui</Filter>
    </ClInclude>
    <ClInclude Include="externals\imgui\imstb_truetype.h">
      <Filter>ImGui</Filter>
    </ClInclude>
    <ClInclude Include="Engine\Base\DirectXCommon.h">
      <Filter>ヘッダー ファイル\Engine</Filter>
    </ClInclude>
    <ClInclude Include="Engine\Base\TextureManager.h">
      <Filter>ヘッダー ファイル\Engine</Filter>
    </ClInclude>
    <ClInclude Include="Engine\2D\Sprite.h">
      <Filter>ヘッダー ファイル\Engine\2D</Filter>
    </ClInclude>
    <ClInclude Include="Engine\2D\SpriteCommon.h">
      <Filter>ヘッダー ファイル\Engine\2D</Filter>
    </ClInclude>
    <ClInclude Include="Engine\3D\Object3dCommon.h">
      <Filter>ヘッダー ファイル\Engine\3D</Filter>
    </ClInclude>
    <ClInclude Include="Engine\Utility\ComPtr.h">
      <Filter>ヘッダー ファイル\Engine\Utility</Filter>
    </ClInclude>
    <ClInclude Include="Engine\Utility\Logger.h">
      <Filter>ヘッダー ファイル\Engine\Utility</Filter>
    </ClInclude>
    <ClInclude Include="Engine\Utility\StringUtility.h">
      <Filter>ヘッダー ファイル\Engine\Utility</Filter>
    </ClInclude>
    <ClInclude Include="Engine\WIndow\WinApp.h">
      <Filter>ヘッダー ファイル\Engine\Window</Filter>
    </ClInclude>
    <ClInclude Include="Engine\3D\Object3d.h">
      <Filter>ヘッダー ファイル\Engine\3D</Filter>
    </ClInclude>
    <ClInclude Include="Engine\3D\Model.h">
      <Filter>ヘッダー ファイル\Engine\3D</Filter>
    </ClInclude>
    <ClInclude Include="Engine\Base\ModelManager.h">
      <Filter>ヘッダー ファイル\Engine</Filter>
    </ClInclude>
    <ClInclude Include="Engine\DxObjects\DxObjFunctions.h">
      <Filter>ヘッダー ファイル\Engine\DxObjects</Filter>
    </ClInclude>
    <ClInclude Include="Engine\DxObjects\DxCommand.h">
      <Filter>ヘッダー ファイル\Engine\DxObjects</Filter>
    </ClInclude>
    <ClInclude Include="Engine\DxObjects\DxDevice.h">
      <Filter>ヘッダー ファイル\Engine\DxObjects</Filter>
    </ClInclude>
    <ClInclude Include="Engine\DxObjects\DxFence.h">
      <Filter>ヘッダー ファイル\Engine\DxObjects</Filter>
    </ClInclude>
    <ClInclude Include="Engine\DxObjects\DxShader.h">
      <Filter>ヘッダー ファイル\Engine\DxObjects</Filter>
    </ClInclude>
    <ClInclude Include="Engine\DxObjects\DxSwapChain.h">
      <Filter>ヘッダー ファイル\Engine\DxObjects</Filter>
    </ClInclude>
    <ClInclude Include="Engine\ImGuiManager\ImGuiManager.h">
      <Filter>ヘッダー ファイル\Engine</Filter>
    </ClInclude>
    <ClInclude Include="Engine\GameClass\BaseGame.h">
      <Filter>ヘッダー ファイル\Engine\GameClass</Filter>
    </ClInclude>
    <ClInclude Include="Engine\Camera\Camera.h">
      <Filter>ヘッダー ファイル</Filter>
    </ClInclude>
    <ClInclude Include="Engine\BasicShapes\Triangle.h">
      <Filter>ヘッダー ファイル</Filter>
    </ClInclude>
    <ClInclude Include="Engine\Utility\Random.h">
      <Filter>ヘッダー ファイル</Filter>
    </ClInclude>
    <ClInclude Include="Engine\ParticleSystem\ParticleSystem.h">
      <Filter>ヘッダー ファイル</Filter>
    </ClInclude>
    <ClInclude Include="Engine\ParticleSystem\ParticleEmitter.h">
      <Filter>ヘッダー ファイル</Filter>
    </ClInclude>
    <ClInclude Include="Engine\3D\Mesh.h">
      <Filter>ヘッダー ファイル\Engine\3D</Filter>
    </ClInclude>
    <ClInclude Include="Engine\IO\Input.h">
      <Filter>ヘッダー ファイル</Filter>
    </ClInclude>
    <ClInclude Include="Engine\BasicShapes\Plane.h">
      <Filter>ヘッダー ファイル</Filter>
    </ClInclude>
    <ClInclude Include="Engine\Utility\FrameRateController.h">
      <Filter>ヘッダー ファイル</Filter>
    </ClInclude>
    <ClInclude Include="Engine\3D\Lights.h">
      <Filter>ヘッダー ファイル</Filter>
    </ClInclude>
    <ClInclude Include="Engine\DxObjects\DxRootSignature.h">
      <Filter>ヘッダー ファイル</Filter>
    </ClInclude>
    <ClInclude Include="Engine\DxObjects\DxPipelineStateObject.h">
      <Filter>ヘッダー ファイル</Filter>
    </ClInclude>
    <ClInclude Include="Engine\DxObjects\DxInputLayout.h">
      <Filter>ヘッダー ファイル</Filter>
    </ClInclude>
    <ClInclude Include="externals\nlohmann\json.hpp">
      <Filter>json</Filter>
    </ClInclude>
    <ClInclude Include="Engine\DxObjects\DxBlendMode.h">
      <Filter>ヘッダー ファイル</Filter>
    </ClInclude>
    <ClInclude Include="Engine\DxObjects\DxPipelineStateObjectBuilder.h">
      <Filter>ヘッダー ファイル</Filter>
    </ClInclude>
  </ItemGroup>
  <ItemGroup>
    <FxCompile Include="Resources\Shaders\Basic2D.PS.hlsl">
      <Filter>リソース ファイル</Filter>
    </FxCompile>
    <FxCompile Include="Resources\Shaders\Basic2D.VS.hlsl">
      <Filter>リソース ファイル</Filter>
    </FxCompile>
    <FxCompile Include="Resources\Shaders\Basic3D.PS.hlsl">
      <Filter>リソース ファイル</Filter>
    </FxCompile>
    <FxCompile Include="Resources\Shaders\Basic3D.VS.hlsl">
      <Filter>リソース ファイル</Filter>
    </FxCompile>
    <FxCompile Include="Resources\Shaders\BasicParticle.VS.hlsl" />
    <FxCompile Include="Resources\Shaders\BasicParticle.PS.hlsl" />
  </ItemGroup>
  <ItemGroup>
    <Text Include="externals\imgui\LICENSE.txt">
      <Filter>ImGui</Filter>
    </Text>
  </ItemGroup>
  <ItemGroup>
    <None Include="Resources\Shaders\Basic3D.hlsli">
      <Filter>リソース ファイル</Filter>
    </None>
    <None Include="Resources\Shaders\Basic2D.hlsli">
      <Filter>リソース ファイル</Filter>
    </None>
    <None Include="Resources\Shaders\BasicParticle.hlsli" />
    <None Include="Engine\JsonFiles\PipeLineStateObjectGroups.json" />
    <None Include="Resources\Shaders\Math.hlsli" />
    <None Include="packages.config" />
    <None Include="Resources\Shaders\BasicLightFunction.hlsli" />
    <None Include="Resources\Shaders\Basic3DStructs.PS.hlsli" />
    <None Include="Resources\Shaders\LightStatus.hlsli" />
    <None Include="Resources\Shaders\PBR_LightFunction.hlsli" />
  </ItemGroup>
</Project>